
Microsoft Visual Studio Solution File, Format Version 12.00
# Visual Studio Version 18
VisualStudioVersion = 18.6.11819.183
MinimumVisualStudioVersion = 10.0.40219.1
Project("{FAE04EC0-301F-11D3-BF4B-00C04F79EFBC}") = "GymSupport.Repository", "GymSupport.Repository\GymSupport.Repository.csproj", "{94B0E568-9502-9AA0-921D-01EAF26E014F}"
EndProject
Project("{FAE04EC0-301F-11D3-BF4B-00C04F79EFBC}") = "GymSupport.Service", "GymSupport.Service\GymSupport.Service.csproj", "{320B3D5A-1A6A-7CAE-73B5-060A0A779B26}"
EndProject
Project("{FAE04EC0-301F-11D3-BF4B-00C04F79EFBC}") = "GymSupport.API", "GymSupport.API\GymSupport.API.csproj", "{B98076AF-A1C5-1BD5-57DD-8ABBC47C77A2}"
EndProject
Global
	GlobalSection(SolutionConfigurationPlatforms) = preSolution
		Debug|Any CPU = Debug|Any CPU
		Release|Any CPU = Release|Any CPU
	EndGlobalSection
	GlobalSection(ProjectConfigurationPlatforms) = postSolution
		{94B0E568-9502-9AA0-921D-01EAF26E014F}.Debug|Any CPU.ActiveCfg = Debug|Any CPU
		{94B0E568-9502-9AA0-921D-01EAF26E014F}.Debug|Any CPU.Build.0 = Debug|Any CPU
		{94B0E568-9502-9AA0-921D-01EAF26E014F}.Release|Any CPU.ActiveCfg = Release|Any CPU
		{94B0E568-9502-9AA0-921D-01EAF26E014F}.Release|Any CPU.Build.0 = Release|Any CPU
		{320B3D5A-1A6A-7CAE-73B5-060A0A779B26}.Debug|Any CPU.ActiveCfg = Debug|Any CPU
		{320B3D5A-1A6A-7CAE-73B5-060A0A779B26}.Debug|Any CPU.Build.0 = Debug|Any CPU
		{320B3D5A-1A6A-7CAE-73B5-060A0A779B26}.Release|Any CPU.ActiveCfg = Release|Any CPU
		{320B3D5A-1A6A-7CAE-73B5-060A0A779B26}.Release|Any CPU.Build.0 = Release|Any CPU
		{B98076AF-A1C5-1BD5-57DD-8ABBC47C77A2}.Debug|Any CPU.ActiveCfg = Debug|Any CPU
		{B98076AF-A1C5-1BD5-57DD-8ABBC47C77A2}.Debug|Any CPU.Build.0 = Debug|Any CPU
		{B98076AF-A1C5-1BD5-57DD-8ABBC47C77A2}.Release|Any CPU.ActiveCfg = Release|Any CPU
		{B98076AF-A1C5-1BD5-57DD-8ABBC47C77A2}.Release|Any CPU.Build.0 = Release|Any CPU
	EndGlobalSection
	GlobalSection(SolutionProperties) = preSolution
		HideSolutionNode = FALSE
	EndGlobalSection
EndGlobal
